
Microsoft Visual Studio Solution File, Format Version 12.00
# Visual Studio 15
VisualStudioVersion = 15.0.28010.2026
MinimumVisualStudioVersion = 10.0.40219.1
Project("{FAE04EC0-301F-11D3-BF4B-00C04F79EFBC}") = "manage_app", "manage_app\manage_app.csproj", "{87DDF239-5915-4FAA-869F-AAE51197089E}"
EndProject
Global
	GlobalSection(SolutionConfigurationPlatforms) = preSolution
		Debug|Any CPU = Debug|Any CPU
		Release|Any CPU = Release|Any CPU
	EndGlobalSection
	GlobalSection(ProjectConfigurationPlatforms) = postSolution
		{87DDF239-5915-4FAA-869F-AAE51197089E}.Debug|Any CPU.ActiveCfg = Debug|Any CPU
		{87DDF239-5915-4FAA-869F-AAE51197089E}.Debug|Any CPU.Build.0 = Debug|Any CPU
		{87DDF239-5915-4FAA-869F-AAE51197089E}.Release|Any CPU.ActiveCfg = Release|Any CPU
		{87DDF239-5915-4FAA-869F-AAE51197089E}.Release|Any CPU.Build.0 = Release|Any CPU
	EndGlobalSection
	GlobalSection(SolutionProperties) = preSolution
		HideSolutionNode = FALSE
	EndGlobalSection
	GlobalSection(ExtensibilityGlobals) = postSolution
		SolutionGuid = {B9A10B48-1F71-4EB1-8167-E789021B0538}
	EndGlobalSection
EndGlobal
